// !$*UTF8*$!
{
	archiveVersion = 1;
	classes = {
	};
	objectVersion = 46;
	objects = {

/* Begin PBXBuildFile section */
		841BB3D51650EE27006B59C8 /* libRestKit.a in Frameworks */ = {isa = PBXBuildFile; fileRef = 84AC26921650EB26008B1F02 /* libRestKit.a */; };
		841BB3D91650F999006B59C8 /* MFLogin.m in Sources */ = {isa = PBXBuildFile; fileRef = 841BB3D81650F999006B59C8 /* MFLogin.m */; };
		841BB3DC165117E9006B59C8 /* MFSession.m in Sources */ = {isa = PBXBuildFile; fileRef = 841BB3DB165117E9006B59C8 /* MFSession.m */; };
		843F54D0165B71C60056EA1A /* MFSharedInstances.m in Sources */ = {isa = PBXBuildFile; fileRef = 843F54CF165B71C60056EA1A /* MFSharedInstances.m */; };
		843F54D2165BA6FF0056EA1A /* backgroundFish.png in Resources */ = {isa = PBXBuildFile; fileRef = 843F54D1165BA6FF0056EA1A /* backgroundFish.png */; };
		843F54D5165BCB7F0056EA1A /* MFImageCell.m in Sources */ = {isa = PBXBuildFile; fileRef = 843F54D4165BCB7F0056EA1A /* MFImageCell.m */; };
		84A56D8E165271AA00B64D66 /* MFUtils.m in Sources */ = {isa = PBXBuildFile; fileRef = 84A56D8D165271AA00B64D66 /* MFUtils.m */; };
		84A6433716528DCA0082F3AF /* minFangstLogo.png in Resources */ = {isa = PBXBuildFile; fileRef = 84A6433616528DCA0082F3AF /* minFangstLogo.png */; };
		84A6434C165293370082F3AF /* MFDashboardViewController.m in Sources */ = {isa = PBXBuildFile; fileRef = 84A6434A165293370082F3AF /* MFDashboardViewController.m */; };
		84A6434D165293370082F3AF /* MFDashboardViewController.xib in Resources */ = {isa = PBXBuildFile; fileRef = 84A6434B165293370082F3AF /* MFDashboardViewController.xib */; };
		84A643501652982B0082F3AF /* fishRecognition.png in Resources */ = {isa = PBXBuildFile; fileRef = 84A6434F1652982B0082F3AF /* fishRecognition.png */; };
		84B2BB0516537F7200CC9F6F /* mapImage.png in Resources */ = {isa = PBXBuildFile; fileRef = 84B2BB0416537F7200CC9F6F /* mapImage.png */; };
		84B2BB57165397C300CC9F6F /* settings.png in Resources */ = {isa = PBXBuildFile; fileRef = 84B2BB56165397C300CC9F6F /* settings.png */; };
		84B2BB5A16539C1900CC9F6F /* blog.png in Resources */ = {isa = PBXBuildFile; fileRef = 84B2BB5816539C1900CC9F6F /* blog.png */; };
		84B2BB5B16539C1900CC9F6F /* logOut.png in Resources */ = {isa = PBXBuildFile; fileRef = 84B2BB5916539C1900CC9F6F /* logOut.png */; };
		84B2BB5F16539CAF00CC9F6F /* MFFishRecognitionViewController.m in Sources */ = {isa = PBXBuildFile; fileRef = 84B2BB5D16539CAF00CC9F6F /* MFFishRecognitionViewController.m */; };
		84B2BB6016539CAF00CC9F6F /* MFFishRecognitionViewController.xib in Resources */ = {isa = PBXBuildFile; fileRef = 84B2BB5E16539CAF00CC9F6F /* MFFishRecognitionViewController.xib */; };
		84B2BB6216539DD000CC9F6F /* fishFacts.png in Resources */ = {isa = PBXBuildFile; fileRef = 84B2BB6116539DD000CC9F6F /* fishFacts.png */; };
		84B2BB8116539EDC00CC9F6F /* libzbar.a in Frameworks */ = {isa = PBXBuildFile; fileRef = 84B2BB7B16539EDC00CC9F6F /* libzbar.a */; };
		84B2BB8216539EDC00CC9F6F /* zbar-back.png in Resources */ = {isa = PBXBuildFile; fileRef = 84B2BB7D16539EDC00CC9F6F /* zbar-back.png */; };
		84B2BB8316539EDC00CC9F6F /* zbar-help.html in Resources */ = {isa = PBXBuildFile; fileRef = 84B2BB7E16539EDC00CC9F6F /* zbar-help.html */; };
		84B2BB8416539EDC00CC9F6F /* zbar-helpicons.png in Resources */ = {isa = PBXBuildFile; fileRef = 84B2BB7F16539EDC00CC9F6F /* zbar-helpicons.png */; };
		84B2BB8516539EDC00CC9F6F /* zbar-samples.png in Resources */ = {isa = PBXBuildFile; fileRef = 84B2BB8016539EDC00CC9F6F /* zbar-samples.png */; };
		84B2BB8716539F0D00CC9F6F /* AVFoundation.framework in Frameworks */ = {isa = PBXBuildFile; fileRef = 84B2BB8616539F0D00CC9F6F /* AVFoundation.framework */; };
		84B2BB8916539F1400CC9F6F /* CoreMedia.framework in Frameworks */ = {isa = PBXBuildFile; fileRef = 84B2BB8816539F1400CC9F6F /* CoreMedia.framework */; };
		84B2BB8B16539F1B00CC9F6F /* CoreVideo.framework in Frameworks */ = {isa = PBXBuildFile; fileRef = 84B2BB8A16539F1B00CC9F6F /* CoreVideo.framework */; };
		84B2BB8D16539F3100CC9F6F /* libiconv.dylib in Frameworks */ = {isa = PBXBuildFile; fileRef = 84B2BB8C16539F3100CC9F6F /* libiconv.dylib */; };
		84B2BB921653AB2700CC9F6F /* MFMapViewController.m in Sources */ = {isa = PBXBuildFile; fileRef = 84B2BB901653AB2700CC9F6F /* MFMapViewController.m */; };
		84B2BB931653AB2700CC9F6F /* MFMapViewController.xib in Resources */ = {isa = PBXBuildFile; fileRef = 84B2BB911653AB2700CC9F6F /* MFMapViewController.xib */; };
		84B2BB951653AD5000CC9F6F /* MapKit.framework in Frameworks */ = {isa = PBXBuildFile; fileRef = 84B2BB941653AD5000CC9F6F /* MapKit.framework */; };
		84B2BB971653B1A700CC9F6F /* CoreLocation.framework in Frameworks */ = {isa = PBXBuildFile; fileRef = 84B2BB961653B1A600CC9F6F /* CoreLocation.framework */; };
		84B2BB9C1653C10B00CC9F6F /* MFBlogViewController.m in Sources */ = {isa = PBXBuildFile; fileRef = 84B2BB9A1653C10B00CC9F6F /* MFBlogViewController.m */; };
		84B2BB9D1653C10B00CC9F6F /* MFBlogViewController.xib in Resources */ = {isa = PBXBuildFile; fileRef = 84B2BB9B1653C10B00CC9F6F /* MFBlogViewController.xib */; };
		84B2BBA81653CD8200CC9F6F /* MFBlogEntry.m in Sources */ = {isa = PBXBuildFile; fileRef = 84B2BBA71653CD8200CC9F6F /* MFBlogEntry.m */; };
		84B2BBAB1653CFBE00CC9F6F /* MFUser.m in Sources */ = {isa = PBXBuildFile; fileRef = 84B2BBAA1653CFBE00CC9F6F /* MFUser.m */; };
		84B2BBAE1653D25400CC9F6F /* MFPassword.m in Sources */ = {isa = PBXBuildFile; fileRef = 84B2BBAD1653D25400CC9F6F /* MFPassword.m */; };
		84B2BBB11653D31F00CC9F6F /* MFEmail.m in Sources */ = {isa = PBXBuildFile; fileRef = 84B2BBB01653D31F00CC9F6F /* MFEmail.m */; };
		84B2BBB41653D3B100CC9F6F /* MFAddress.m in Sources */ = {isa = PBXBuildFile; fileRef = 84B2BBB31653D3B100CC9F6F /* MFAddress.m */; };
		84B2BBB71653D44000CC9F6F /* MFPhone.m in Sources */ = {isa = PBXBuildFile; fileRef = 84B2BBB61653D44000CC9F6F /* MFPhone.m */; };
		84B2BBC71653E12300CC9F6F /* MFImage.m in Sources */ = {isa = PBXBuildFile; fileRef = 84B2BBC61653E12300CC9F6F /* MFImage.m */; };
		84B2BBCA1653E56E00CC9F6F /* MFLocation.m in Sources */ = {isa = PBXBuildFile; fileRef = 84B2BBC91653E56E00CC9F6F /* MFLocation.m */; };
		84B2BBCD1653E60B00CC9F6F /* MFFishEvent.m in Sources */ = {isa = PBXBuildFile; fileRef = 84B2BBCC1653E60B00CC9F6F /* MFFishEvent.m */; };
		9A126D7C164D1BC20037538A /* UIKit.framework in Frameworks */ = {isa = PBXBuildFile; fileRef = 9A126D7B164D1BC20037538A /* UIKit.framework */; };
		9A126D7E164D1BC20037538A /* Foundation.framework in Frameworks */ = {isa = PBXBuildFile; fileRef = 9A126D7D164D1BC20037538A /* Foundation.framework */; };
		9A126D80164D1BC20037538A /* CoreGraphics.framework in Frameworks */ = {isa = PBXBuildFile; fileRef = 9A126D7F164D1BC20037538A /* CoreGraphics.framework */; };
		9A126D86164D1BC20037538A /* InfoPlist.strings in Resources */ = {isa = PBXBuildFile; fileRef = 9A126D84164D1BC20037538A /* InfoPlist.strings */; };
		9A126D88164D1BC20037538A /* main.m in Sources */ = {isa = PBXBuildFile; fileRef = 9A126D87164D1BC20037538A /* main.m */; };
		9A126D8C164D1BC20037538A /* MFAppDelegate.m in Sources */ = {isa = PBXBuildFile; fileRef = 9A126D8B164D1BC20037538A /* MFAppDelegate.m */; };
		9A126D8E164D1BC20037538A /* Default.png in Resources */ = {isa = PBXBuildFile; fileRef = 9A126D8D164D1BC20037538A /* Default.png */; };
		9A126D90164D1BC20037538A /* Default@2x.png in Resources */ = {isa = PBXBuildFile; fileRef = 9A126D8F164D1BC20037538A /* Default@2x.png */; };
		9A126D92164D1BC20037538A /* Default-568h@2x.png in Resources */ = {isa = PBXBuildFile; fileRef = 9A126D91164D1BC20037538A /* Default-568h@2x.png */; };
		9A126D9A164D1BC20037538A /* SenTestingKit.framework in Frameworks */ = {isa = PBXBuildFile; fileRef = 9A126D99164D1BC20037538A /* SenTestingKit.framework */; };
		9A126D9B164D1BC20037538A /* UIKit.framework in Frameworks */ = {isa = PBXBuildFile; fileRef = 9A126D7B164D1BC20037538A /* UIKit.framework */; };
		9A126D9C164D1BC20037538A /* Foundation.framework in Frameworks */ = {isa = PBXBuildFile; fileRef = 9A126D7D164D1BC20037538A /* Foundation.framework */; };
		9A126DA4164D1BC20037538A /* InfoPlist.strings in Resources */ = {isa = PBXBuildFile; fileRef = 9A126DA2164D1BC20037538A /* InfoPlist.strings */; };
		9A126DA7164D1BC20037538A /* MinFangstTests.m in Sources */ = {isa = PBXBuildFile; fileRef = 9A126DA6164D1BC20037538A /* MinFangstTests.m */; };
		9A126DCB164D1DCF0037538A /* CFNetwork.framework in Frameworks */ = {isa = PBXBuildFile; fileRef = 9A126DCA164D1DCF0037538A /* CFNetwork.framework */; };
		9A126DCD164D1DD70037538A /* CoreData.framework in Frameworks */ = {isa = PBXBuildFile; fileRef = 9A126DCC164D1DD70037538A /* CoreData.framework */; };
		9A126DCF164D1DDD0037538A /* MobileCoreServices.framework in Frameworks */ = {isa = PBXBuildFile; fileRef = 9A126DCE164D1DDD0037538A /* MobileCoreServices.framework */; };
		9A126DD1164D1DE50037538A /* Security.framework in Frameworks */ = {isa = PBXBuildFile; fileRef = 9A126DD0164D1DE50037538A /* Security.framework */; };
		9A126DD3164D1DEB0037538A /* SystemConfiguration.framework in Frameworks */ = {isa = PBXBuildFile; fileRef = 9A126DD2164D1DEB0037538A /* SystemConfiguration.framework */; };
		9A126DD5164D1DF20037538A /* QuartzCore.framework in Frameworks */ = {isa = PBXBuildFile; fileRef = 9A126DD4164D1DF20037538A /* QuartzCore.framework */; };
		9A126DD7164D1DFB0037538A /* libxml2.dylib in Frameworks */ = {isa = PBXBuildFile; fileRef = 9A126DD6164D1DFB0037538A /* libxml2.dylib */; };
		9A126DDB164D1E6F0037538A /* MFLoginViewController.m in Sources */ = {isa = PBXBuildFile; fileRef = 9A126DD9164D1E6F0037538A /* MFLoginViewController.m */; };
		9A126DDC164D1E6F0037538A /* MFLoginViewController.xib in Resources */ = {isa = PBXBuildFile; fileRef = 9A126DDA164D1E6F0037538A /* MFLoginViewController.xib */; };
		9A126DDF164D20340037538A /* MFClientLogin.m in Sources */ = {isa = PBXBuildFile; fileRef = 9A126DDE164D20340037538A /* MFClientLogin.m */; };
		9A126DE2164D20950037538A /* MFClientInfo.m in Sources */ = {isa = PBXBuildFile; fileRef = 9A126DE1164D20950037538A /* MFClientInfo.m */; };
		9AED2498165684B400350CF9 /* MFMapViewEditEventControllerViewController.m in Sources */ = {isa = PBXBuildFile; fileRef = 9AED2496165684B400350CF9 /* MFMapViewEditEventControllerViewController.m */; };
		9AED2499165684B400350CF9 /* MFMapViewEditEventControllerViewController.xib in Resources */ = {isa = PBXBuildFile; fileRef = 9AED2497165684B400350CF9 /* MFMapViewEditEventControllerViewController.xib */; };
/* End PBXBuildFile section */

/* Begin PBXContainerItemProxy section */
		841BB3D31650EE11006B59C8 /* PBXContainerItemProxy */ = {
			isa = PBXContainerItemProxy;
			containerPortal = 84AC26861650EB25008B1F02 /* RestKit.xcodeproj */;
			proxyType = 1;
			remoteGlobalIDString = 25160D1514564E810060A5C5;
			remoteInfo = RestKit;
		};
		84AC26911650EB26008B1F02 /* PBXContainerItemProxy */ = {
			isa = PBXContainerItemProxy;
			containerPortal = 84AC26861650EB25008B1F02 /* RestKit.xcodeproj */;
			proxyType = 2;
			remoteGlobalIDString = 25160D1614564E810060A5C5;
			remoteInfo = RestKit;
		};
		84AC26931650EB26008B1F02 /* PBXContainerItemProxy */ = {
			isa = PBXContainerItemProxy;
			containerPortal = 84AC26861650EB25008B1F02 /* RestKit.xcodeproj */;
			proxyType = 2;
			remoteGlobalIDString = 25160D2614564E820060A5C5;
			remoteInfo = RestKitTests;
		};
		84AC26951650EB26008B1F02 /* PBXContainerItemProxy */ = {
			isa = PBXContainerItemProxy;
			containerPortal = 84AC26861650EB25008B1F02 /* RestKit.xcodeproj */;
			proxyType = 2;
			remoteGlobalIDString = 25160E62145651060060A5C5;
			remoteInfo = RestKitFramework;
		};
		84AC26971650EB26008B1F02 /* PBXContainerItemProxy */ = {
			isa = PBXContainerItemProxy;
			containerPortal = 84AC26861650EB25008B1F02 /* RestKit.xcodeproj */;
			proxyType = 2;
			remoteGlobalIDString = 25160E78145651060060A5C5;
			remoteInfo = RestKitFrameworkTests;
		};
		84AC26991650EB26008B1F02 /* PBXContainerItemProxy */ = {
			isa = PBXContainerItemProxy;
			containerPortal = 84AC26861650EB25008B1F02 /* RestKit.xcodeproj */;
			proxyType = 2;
			remoteGlobalIDString = 259C301615128079003066A2;
			remoteInfo = RestKitResources;
		};
		9A126D9D164D1BC20037538A /* PBXContainerItemProxy */ = {
			isa = PBXContainerItemProxy;
			containerPortal = 9A126D6E164D1BC10037538A /* Project object */;
			proxyType = 1;
			remoteGlobalIDString = 9A126D76164D1BC20037538A;
			remoteInfo = MinFangst;
		};
/* End PBXContainerItemProxy section */

/* Begin PBXFileReference section */
		841BB3D71650F999006B59C8 /* MFLogin.h */ = {isa = PBXFileReference; fileEncoding = 4; lastKnownFileType = sourcecode.c.h; path = MFLogin.h; sourceTree = "<group>"; };
		841BB3D81650F999006B59C8 /* MFLogin.m */ = {isa = PBXFileReference; fileEncoding = 4; lastKnownFileType = sourcecode.c.objc; path = MFLogin.m; sourceTree = "<group>"; };
		841BB3DA165117E9006B59C8 /* MFSession.h */ = {isa = PBXFileReference; fileEncoding = 4; lastKnownFileType = sourcecode.c.h; path = MFSession.h; sourceTree = "<group>"; };
		841BB3DB165117E9006B59C8 /* MFSession.m */ = {isa = PBXFileReference; fileEncoding = 4; lastKnownFileType = sourcecode.c.objc; path = MFSession.m; sourceTree = "<group>"; };
		843F54CE165B71C60056EA1A /* MFSharedInstances.h */ = {isa = PBXFileReference; fileEncoding = 4; lastKnownFileType = sourcecode.c.h; path = MFSharedInstances.h; sourceTree = "<group>"; };
		843F54CF165B71C60056EA1A /* MFSharedInstances.m */ = {isa = PBXFileReference; fileEncoding = 4; lastKnownFileType = sourcecode.c.objc; path = MFSharedInstances.m; sourceTree = "<group>"; };
		843F54D1165BA6FF0056EA1A /* backgroundFish.png */ = {isa = PBXFileReference; lastKnownFileType = image.png; path = backgroundFish.png; sourceTree = "<group>"; };
		843F54D3165BCB7F0056EA1A /* MFImageCell.h */ = {isa = PBXFileReference; fileEncoding = 4; lastKnownFileType = sourcecode.c.h; path = MFImageCell.h; sourceTree = "<group>"; };
		843F54D4165BCB7F0056EA1A /* MFImageCell.m */ = {isa = PBXFileReference; fileEncoding = 4; lastKnownFileType = sourcecode.c.objc; path = MFImageCell.m; sourceTree = "<group>"; };
		84A56D8C165271AA00B64D66 /* MFUtils.h */ = {isa = PBXFileReference; fileEncoding = 4; lastKnownFileType = sourcecode.c.h; path = MFUtils.h; sourceTree = "<group>"; };
		84A56D8D165271AA00B64D66 /* MFUtils.m */ = {isa = PBXFileReference; fileEncoding = 4; lastKnownFileType = sourcecode.c.objc; path = MFUtils.m; sourceTree = "<group>"; };
		84A6433616528DCA0082F3AF /* minFangstLogo.png */ = {isa = PBXFileReference; lastKnownFileType = image.png; path = minFangstLogo.png; sourceTree = "<group>"; };
		84A64349165293370082F3AF /* MFDashboardViewController.h */ = {isa = PBXFileReference; fileEncoding = 4; lastKnownFileType = sourcecode.c.h; path = MFDashboardViewController.h; sourceTree = "<group>"; };
		84A6434A165293370082F3AF /* MFDashboardViewController.m */ = {isa = PBXFileReference; fileEncoding = 4; lastKnownFileType = sourcecode.c.objc; path = MFDashboardViewController.m; sourceTree = "<group>"; };
		84A6434B165293370082F3AF /* MFDashboardViewController.xib */ = {isa = PBXFileReference; fileEncoding = 4; lastKnownFileType = file.xib; path = MFDashboardViewController.xib; sourceTree = "<group>"; };
		84A6434F1652982B0082F3AF /* fishRecognition.png */ = {isa = PBXFileReference; lastKnownFileType = image.png; path = fishRecognition.png; sourceTree = "<group>"; };
		84AC26861650EB25008B1F02 /* RestKit.xcodeproj */ = {isa = PBXFileReference; lastKnownFileType = "wrapper.pb-project"; name = RestKit.xcodeproj; path = "../../Downloads/RestKit-RestKit-d3cad8d/RestKit.xcodeproj"; sourceTree = "<group>"; };
		84B2BB0416537F7200CC9F6F /* mapImage.png */ = {isa = PBXFileReference; lastKnownFileType = image.png; path = mapImage.png; sourceTree = "<group>"; };
		84B2BB56165397C300CC9F6F /* settings.png */ = {isa = PBXFileReference; lastKnownFileType = image.png; path = settings.png; sourceTree = "<group>"; };
		84B2BB5816539C1900CC9F6F /* blog.png */ = {isa = PBXFileReference; lastKnownFileType = image.png; path = blog.png; sourceTree = "<group>"; };
		84B2BB5916539C1900CC9F6F /* logOut.png */ = {isa = PBXFileReference; lastKnownFileType = image.png; path = logOut.png; sourceTree = "<group>"; };
		84B2BB5C16539CAF00CC9F6F /* MFFishRecognitionViewController.h */ = {isa = PBXFileReference; fileEncoding = 4; lastKnownFileType = sourcecode.c.h; path = MFFishRecognitionViewController.h; sourceTree = "<group>"; };
		84B2BB5D16539CAF00CC9F6F /* MFFishRecognitionViewController.m */ = {isa = PBXFileReference; fileEncoding = 4; lastKnownFileType = sourcecode.c.objc; path = MFFishRecognitionViewController.m; sourceTree = "<group>"; };
		84B2BB5E16539CAF00CC9F6F /* MFFishRecognitionViewController.xib */ = {isa = PBXFileReference; fileEncoding = 4; lastKnownFileType = file.xib; path = MFFishRecognitionViewController.xib; sourceTree = "<group>"; };
		84B2BB6116539DD000CC9F6F /* fishFacts.png */ = {isa = PBXFileReference; lastKnownFileType = image.png; path = fishFacts.png; sourceTree = "<group>"; };
		84B2BB6716539EDC00CC9F6F /* Decoder.h */ = {isa = PBXFileReference; fileEncoding = 4; lastKnownFileType = sourcecode.c.h; path = Decoder.h; sourceTree = "<group>"; };
		84B2BB6816539EDC00CC9F6F /* Exception.h */ = {isa = PBXFileReference; fileEncoding = 4; lastKnownFileType = sourcecode.c.h; path = Exception.h; sourceTree = "<group>"; };
		84B2BB6916539EDC00CC9F6F /* Image.h */ = {isa = PBXFileReference; fileEncoding = 4; lastKnownFileType = sourcecode.c.h; path = Image.h; sourceTree = "<group>"; };
		84B2BB6A16539EDC00CC9F6F /* ImageScanner.h */ = {isa = PBXFileReference; fileEncoding = 4; lastKnownFileType = sourcecode.c.h; path = ImageScanner.h; sourceTree = "<group>"; };
		84B2BB6B16539EDC00CC9F6F /* Processor.h */ = {isa = PBXFileReference; fileEncoding = 4; lastKnownFileType = sourcecode.c.h; path = Processor.h; sourceTree = "<group>"; };
		84B2BB6C16539EDC00CC9F6F /* Scanner.h */ = {isa = PBXFileReference; fileEncoding = 4; lastKnownFileType = sourcecode.c.h; path = Scanner.h; sourceTree = "<group>"; };
		84B2BB6D16539EDC00CC9F6F /* Symbol.h */ = {isa = PBXFileReference; fileEncoding = 4; lastKnownFileType = sourcecode.c.h; path = Symbol.h; sourceTree = "<group>"; };
		84B2BB6E16539EDC00CC9F6F /* Video.h */ = {isa = PBXFileReference; fileEncoding = 4; lastKnownFileType = sourcecode.c.h; path = Video.h; sourceTree = "<group>"; };
		84B2BB6F16539EDC00CC9F6F /* Window.h */ = {isa = PBXFileReference; fileEncoding = 4; lastKnownFileType = sourcecode.c.h; path = Window.h; sourceTree = "<group>"; };
		84B2BB7016539EDC00CC9F6F /* zbar.h */ = {isa = PBXFileReference; fileEncoding = 4; lastKnownFileType = sourcecode.c.h; path = zbar.h; sourceTree = "<group>"; };
		84B2BB7116539EDC00CC9F6F /* ZBarCameraSimulator.h */ = {isa = PBXFileReference; fileEncoding = 4; lastKnownFileType = sourcecode.c.h; path = ZBarCameraSimulator.h; sourceTree = "<group>"; };
		84B2BB7216539EDC00CC9F6F /* ZBarCaptureReader.h */ = {isa = PBXFileReference; fileEncoding = 4; lastKnownFileType = sourcecode.c.h; path = ZBarCaptureReader.h; sourceTree = "<group>"; };
		84B2BB7316539EDC00CC9F6F /* ZBarHelpController.h */ = {isa = PBXFileReference; fileEncoding = 4; lastKnownFileType = sourcecode.c.h; path = ZBarHelpController.h; sourceTree = "<group>"; };
		84B2BB7416539EDC00CC9F6F /* ZBarImage.h */ = {isa = PBXFileReference; fileEncoding = 4; lastKnownFileType = sourcecode.c.h; path = ZBarImage.h; sourceTree = "<group>"; };
		84B2BB7516539EDC00CC9F6F /* ZBarImageScanner.h */ = {isa = PBXFileReference; fileEncoding = 4; lastKnownFileType = sourcecode.c.h; path = ZBarImageScanner.h; sourceTree = "<group>"; };
		84B2BB7616539EDC00CC9F6F /* ZBarReaderController.h */ = {isa = PBXFileReference; fileEncoding = 4; lastKnownFileType = sourcecode.c.h; path = ZBarReaderController.h; sourceTree = "<group>"; };
		84B2BB7716539EDC00CC9F6F /* ZBarReaderView.h */ = {isa = PBXFileReference; fileEncoding = 4; lastKnownFileType = sourcecode.c.h; path = ZBarReaderView.h; sourceTree = "<group>"; };
		84B2BB7816539EDC00CC9F6F /* ZBarReaderViewController.h */ = {isa = PBXFileReference; fileEncoding = 4; lastKnownFileType = sourcecode.c.h; path = ZBarReaderViewController.h; sourceTree = "<group>"; };
		84B2BB7916539EDC00CC9F6F /* ZBarSDK.h */ = {isa = PBXFileReference; fileEncoding = 4; lastKnownFileType = sourcecode.c.h; path = ZBarSDK.h; sourceTree = "<group>"; };
		84B2BB7A16539EDC00CC9F6F /* ZBarSymbol.h */ = {isa = PBXFileReference; fileEncoding = 4; lastKnownFileType = sourcecode.c.h; path = ZBarSymbol.h; sourceTree = "<group>"; };
		84B2BB7B16539EDC00CC9F6F /* libzbar.a */ = {isa = PBXFileReference; lastKnownFileType = archive.ar; path = libzbar.a; sourceTree = "<group>"; };
		84B2BB7D16539EDC00CC9F6F /* zbar-back.png */ = {isa = PBXFileReference; lastKnownFileType = image.png; path = "zbar-back.png"; sourceTree = "<group>"; };
		84B2BB7E16539EDC00CC9F6F /* zbar-help.html */ = {isa = PBXFileReference; fileEncoding = 4; lastKnownFileType = text.html; path = "zbar-help.html"; sourceTree = "<group>"; };
		84B2BB7F16539EDC00CC9F6F /* zbar-helpicons.png */ = {isa = PBXFileReference; lastKnownFileType = image.png; path = "zbar-helpicons.png"; sourceTree = "<group>"; };
		84B2BB8016539EDC00CC9F6F /* zbar-samples.png */ = {isa = PBXFileReference; lastKnownFileType = image.png; path = "zbar-samples.png"; sourceTree = "<group>"; };
		84B2BB8616539F0D00CC9F6F /* AVFoundation.framework */ = {isa = PBXFileReference; lastKnownFileType = wrapper.framework; name = AVFoundation.framework; path = System/Library/Frameworks/AVFoundation.framework; sourceTree = SDKROOT; };
		84B2BB8816539F1400CC9F6F /* CoreMedia.framework */ = {isa = PBXFileReference; lastKnownFileType = wrapper.framework; name = CoreMedia.framework; path = System/Library/Frameworks/CoreMedia.framework; sourceTree = SDKROOT; };
		84B2BB8A16539F1B00CC9F6F /* CoreVideo.framework */ = {isa = PBXFileReference; lastKnownFileType = wrapper.framework; name = CoreVideo.framework; path = System/Library/Frameworks/CoreVideo.framework; sourceTree = SDKROOT; };
		84B2BB8C16539F3100CC9F6F /* libiconv.dylib */ = {isa = PBXFileReference; lastKnownFileType = "compiled.mach-o.dylib"; name = libiconv.dylib; path = usr/lib/libiconv.dylib; sourceTree = SDKROOT; };
		84B2BB8F1653AB2700CC9F6F /* MFMapViewController.h */ = {isa = PBXFileReference; fileEncoding = 4; lastKnownFileType = sourcecode.c.h; path = MFMapViewController.h; sourceTree = "<group>"; };
		84B2BB901653AB2700CC9F6F /* MFMapViewController.m */ = {isa = PBXFileReference; fileEncoding = 4; lastKnownFileType = sourcecode.c.objc; path = MFMapViewController.m; sourceTree = "<group>"; };
		84B2BB911653AB2700CC9F6F /* MFMapViewController.xib */ = {isa = PBXFileReference; fileEncoding = 4; lastKnownFileType = file.xib; path = MFMapViewController.xib; sourceTree = "<group>"; };
		84B2BB941653AD5000CC9F6F /* MapKit.framework */ = {isa = PBXFileReference; lastKnownFileType = wrapper.framework; name = MapKit.framework; path = System/Library/Frameworks/MapKit.framework; sourceTree = SDKROOT; };
		84B2BB961653B1A600CC9F6F /* CoreLocation.framework */ = {isa = PBXFileReference; lastKnownFileType = wrapper.framework; name = CoreLocation.framework; path = System/Library/Frameworks/CoreLocation.framework; sourceTree = SDKROOT; };
		84B2BB991653C10B00CC9F6F /* MFBlogViewController.h */ = {isa = PBXFileReference; fileEncoding = 4; lastKnownFileType = sourcecode.c.h; path = MFBlogViewController.h; sourceTree = "<group>"; };
		84B2BB9A1653C10B00CC9F6F /* MFBlogViewController.m */ = {isa = PBXFileReference; fileEncoding = 4; lastKnownFileType = sourcecode.c.objc; path = MFBlogViewController.m; sourceTree = "<group>"; };
		84B2BB9B1653C10B00CC9F6F /* MFBlogViewController.xib */ = {isa = PBXFileReference; fileEncoding = 4; lastKnownFileType = file.xib; path = MFBlogViewController.xib; sourceTree = "<group>"; };
		84B2BBA61653CD8200CC9F6F /* MFBlogEntry.h */ = {isa = PBXFileReference; fileEncoding = 4; lastKnownFileType = sourcecode.c.h; path = MFBlogEntry.h; sourceTree = "<group>"; };
		84B2BBA71653CD8200CC9F6F /* MFBlogEntry.m */ = {isa = PBXFileReference; fileEncoding = 4; lastKnownFileType = sourcecode.c.objc; path = MFBlogEntry.m; sourceTree = "<group>"; };
		84B2BBA91653CFBE00CC9F6F /* MFUser.h */ = {isa = PBXFileReference; fileEncoding = 4; lastKnownFileType = sourcecode.c.h; path = MFUser.h; sourceTree = "<group>"; };
		84B2BBAA1653CFBE00CC9F6F /* MFUser.m */ = {isa = PBXFileReference; fileEncoding = 4; lastKnownFileType = sourcecode.c.objc; path = MFUser.m; sourceTree = "<group>"; };
		84B2BBAC1653D25400CC9F6F /* MFPassword.h */ = {isa = PBXFileReference; fileEncoding = 4; lastKnownFileType = sourcecode.c.h; path = MFPassword.h; sourceTree = "<group>"; };
		84B2BBAD1653D25400CC9F6F /* MFPassword.m */ = {isa = PBXFileReference; fileEncoding = 4; lastKnownFileType = sourcecode.c.objc; path = MFPassword.m; sourceTree = "<group>"; };
		84B2BBAF1653D31F00CC9F6F /* MFEmail.h */ = {isa = PBXFileReference; fileEncoding = 4; lastKnownFileType = sourcecode.c.h; path = MFEmail.h; sourceTree = "<group>"; };
		84B2BBB01653D31F00CC9F6F /* MFEmail.m */ = {isa = PBXFileReference; fileEncoding = 4; lastKnownFileType = sourcecode.c.objc; path = MFEmail.m; sourceTree = "<group>"; };
		84B2BBB21653D3B100CC9F6F /* MFAddress.h */ = {isa = PBXFileReference; fileEncoding = 4; lastKnownFileType = sourcecode.c.h; path = MFAddress.h; sourceTree = "<group>"; };
		84B2BBB31653D3B100CC9F6F /* MFAddress.m */ = {isa = PBXFileReference; fileEncoding = 4; lastKnownFileType = sourcecode.c.objc; path = MFAddress.m; sourceTree = "<group>"; };
		84B2BBB51653D44000CC9F6F /* MFPhone.h */ = {isa = PBXFileReference; fileEncoding = 4; lastKnownFileType = sourcecode.c.h; path = MFPhone.h; sourceTree = "<group>"; };
		84B2BBB61653D44000CC9F6F /* MFPhone.m */ = {isa = PBXFileReference; fileEncoding = 4; lastKnownFileType = sourcecode.c.objc; path = MFPhone.m; sourceTree = "<group>"; };
		84B2BBC51653E12300CC9F6F /* MFImage.h */ = {isa = PBXFileReference; fileEncoding = 4; lastKnownFileType = sourcecode.c.h; path = MFImage.h; sourceTree = "<group>"; };
		84B2BBC61653E12300CC9F6F /* MFImage.m */ = {isa = PBXFileReference; fileEncoding = 4; lastKnownFileType = sourcecode.c.objc; path = MFImage.m; sourceTree = "<group>"; };
		84B2BBC81653E56E00CC9F6F /* MFLocation.h */ = {isa = PBXFileReference; fileEncoding = 4; lastKnownFileType = sourcecode.c.h; path = MFLocation.h; sourceTree = "<group>"; };
		84B2BBC91653E56E00CC9F6F /* MFLocation.m */ = {isa = PBXFileReference; fileEncoding = 4; lastKnownFileType = sourcecode.c.objc; path = MFLocation.m; sourceTree = "<group>"; };
		84B2BBCB1653E60B00CC9F6F /* MFFishEvent.h */ = {isa = PBXFileReference; fileEncoding = 4; lastKnownFileType = sourcecode.c.h; path = MFFishEvent.h; sourceTree = "<group>"; };
		84B2BBCC1653E60B00CC9F6F /* MFFishEvent.m */ = {isa = PBXFileReference; fileEncoding = 4; lastKnownFileType = sourcecode.c.objc; path = MFFishEvent.m; sourceTree = "<group>"; };
		9A126D77164D1BC20037538A /* MinFangst.app */ = {isa = PBXFileReference; explicitFileType = wrapper.application; includeInIndex = 0; path = MinFangst.app; sourceTree = BUILT_PRODUCTS_DIR; };
		9A126D7B164D1BC20037538A /* UIKit.framework */ = {isa = PBXFileReference; lastKnownFileType = wrapper.framework; name = UIKit.framework; path = System/Library/Frameworks/UIKit.framework; sourceTree = SDKROOT; };
		9A126D7D164D1BC20037538A /* Foundation.framework */ = {isa = PBXFileReference; lastKnownFileType = wrapper.framework; name = Foundation.framework; path = System/Library/Frameworks/Foundation.framework; sourceTree = SDKROOT; };
		9A126D7F164D1BC20037538A /* CoreGraphics.framework */ = {isa = PBXFileReference; lastKnownFileType = wrapper.framework; name = CoreGraphics.framework; path = System/Library/Frameworks/CoreGraphics.framework; sourceTree = SDKROOT; };
		9A126D83164D1BC20037538A /* MinFangst-Info.plist */ = {isa = PBXFileReference; lastKnownFileType = text.plist.xml; path = "MinFangst-Info.plist"; sourceTree = "<group>"; };
		9A126D85164D1BC20037538A /* en */ = {isa = PBXFileReference; lastKnownFileType = text.plist.strings; name = en; path = en.lproj/InfoPlist.strings; sourceTree = "<group>"; };
		9A126D87164D1BC20037538A /* main.m */ = {isa = PBXFileReference; lastKnownFileType = sourcecode.c.objc; path = main.m; sourceTree = "<group>"; };
		9A126D89164D1BC20037538A /* MinFangst-Prefix.pch */ = {isa = PBXFileReference; lastKnownFileType = sourcecode.c.h; path = "MinFangst-Prefix.pch"; sourceTree = "<group>"; };
		9A126D8A164D1BC20037538A /* MFAppDelegate.h */ = {isa = PBXFileReference; lastKnownFileType = sourcecode.c.h; path = MFAppDelegate.h; sourceTree = "<group>"; };
		9A126D8B164D1BC20037538A /* MFAppDelegate.m */ = {isa = PBXFileReference; lastKnownFileType = sourcecode.c.objc; path = MFAppDelegate.m; sourceTree = "<group>"; };
		9A126D8D164D1BC20037538A /* Default.png */ = {isa = PBXFileReference; lastKnownFileType = image.png; path = Default.png; sourceTree = "<group>"; };
		9A126D8F164D1BC20037538A /* Default@2x.png */ = {isa = PBXFileReference; lastKnownFileType = image.png; path = "Default@2x.png"; sourceTree = "<group>"; };
		9A126D91164D1BC20037538A /* Default-568h@2x.png */ = {isa = PBXFileReference; lastKnownFileType = image.png; path = "Default-568h@2x.png"; sourceTree = "<group>"; };
		9A126D98164D1BC20037538A /* MinFangstTests.octest */ = {isa = PBXFileReference; explicitFileType = wrapper.cfbundle; includeInIndex = 0; path = MinFangstTests.octest; sourceTree = BUILT_PRODUCTS_DIR; };
		9A126D99164D1BC20037538A /* SenTestingKit.framework */ = {isa = PBXFileReference; lastKnownFileType = wrapper.framework; name = SenTestingKit.framework; path = Library/Frameworks/SenTestingKit.framework; sourceTree = DEVELOPER_DIR; };
		9A126DA1164D1BC20037538A /* MinFangstTests-Info.plist */ = {isa = PBXFileReference; lastKnownFileType = text.plist.xml; path = "MinFangstTests-Info.plist"; sourceTree = "<group>"; };
		9A126DA3164D1BC20037538A /* en */ = {isa = PBXFileReference; lastKnownFileType = text.plist.strings; name = en; path = en.lproj/InfoPlist.strings; sourceTree = "<group>"; };
		9A126DA5164D1BC20037538A /* MinFangstTests.h */ = {isa = PBXFileReference; lastKnownFileType = sourcecode.c.h; path = MinFangstTests.h; sourceTree = "<group>"; };
		9A126DA6164D1BC20037538A /* MinFangstTests.m */ = {isa = PBXFileReference; lastKnownFileType = sourcecode.c.objc; path = MinFangstTests.m; sourceTree = "<group>"; };
		9A126DCA164D1DCF0037538A /* CFNetwork.framework */ = {isa = PBXFileReference; lastKnownFileType = wrapper.framework; name = CFNetwork.framework; path = System/Library/Frameworks/CFNetwork.framework; sourceTree = SDKROOT; };
		9A126DCC164D1DD70037538A /* CoreData.framework */ = {isa = PBXFileReference; lastKnownFileType = wrapper.framework; name = CoreData.framework; path = System/Library/Frameworks/CoreData.framework; sourceTree = SDKROOT; };
		9A126DCE164D1DDD0037538A /* MobileCoreServices.framework */ = {isa = PBXFileReference; lastKnownFileType = wrapper.framework; name = MobileCoreServices.framework; path = System/Library/Frameworks/MobileCoreServices.framework; sourceTree = SDKROOT; };
		9A126DD0164D1DE50037538A /* Security.framework */ = {isa = PBXFileReference; lastKnownFileType = wrapper.framework; name = Security.framework; path = System/Library/Frameworks/Security.framework; sourceTree = SDKROOT; };
		9A126DD2164D1DEB0037538A /* SystemConfiguration.framework */ = {isa = PBXFileReference; lastKnownFileType = wrapper.framework; name = SystemConfiguration.framework; path = System/Library/Frameworks/SystemConfiguration.framework; sourceTree = SDKROOT; };
		9A126DD4164D1DF20037538A /* QuartzCore.framework */ = {isa = PBXFileReference; lastKnownFileType = wrapper.framework; name = QuartzCore.framework; path = System/Library/Frameworks/QuartzCore.framework; sourceTree = SDKROOT; };
		9A126DD6164D1DFB0037538A /* libxml2.dylib */ = {isa = PBXFileReference; lastKnownFileType = "compiled.mach-o.dylib"; name = libxml2.dylib; path = usr/lib/libxml2.dylib; sourceTree = SDKROOT; };
		9A126DD8164D1E6F0037538A /* MFLoginViewController.h */ = {isa = PBXFileReference; fileEncoding = 4; lastKnownFileType = sourcecode.c.h; path = MFLoginViewController.h; sourceTree = "<group>"; };
		9A126DD9164D1E6F0037538A /* MFLoginViewController.m */ = {isa = PBXFileReference; fileEncoding = 4; lastKnownFileType = sourcecode.c.objc; path = MFLoginViewController.m; sourceTree = "<group>"; };
		9A126DDA164D1E6F0037538A /* MFLoginViewController.xib */ = {isa = PBXFileReference; fileEncoding = 4; lastKnownFileType = file.xib; path = MFLoginViewController.xib; sourceTree = "<group>"; };
		9A126DDD164D20340037538A /* MFClientLogin.h */ = {isa = PBXFileReference; fileEncoding = 4; lastKnownFileType = sourcecode.c.h; path = MFClientLogin.h; sourceTree = "<group>"; };
		9A126DDE164D20340037538A /* MFClientLogin.m */ = {isa = PBXFileReference; fileEncoding = 4; lastKnownFileType = sourcecode.c.objc; path = MFClientLogin.m; sourceTree = "<group>"; };
		9A126DE0164D20950037538A /* MFClientInfo.h */ = {isa = PBXFileReference; fileEncoding = 4; lastKnownFileType = sourcecode.c.h; path = MFClientInfo.h; sourceTree = "<group>"; };
		9A126DE1164D20950037538A /* MFClientInfo.m */ = {isa = PBXFileReference; fileEncoding = 4; lastKnownFileType = sourcecode.c.objc; path = MFClientInfo.m; sourceTree = "<group>"; };
		9AED2495165684B400350CF9 /* MFMapViewEditEventControllerViewController.h */ = {isa = PBXFileReference; fileEncoding = 4; lastKnownFileType = sourcecode.c.h; path = MFMapViewEditEventControllerViewController.h; sourceTree = "<group>"; };
		9AED2496165684B400350CF9 /* MFMapViewEditEventControllerViewController.m */ = {isa = PBXFileReference; fileEncoding = 4; lastKnownFileType = sourcecode.c.objc; path = MFMapViewEditEventControllerViewController.m; sourceTree = "<group>"; };
		9AED2497165684B400350CF9 /* MFMapViewEditEventControllerViewController.xib */ = {isa = PBXFileReference; fileEncoding = 4; lastKnownFileType = file.xib; path = MFMapViewEditEventControllerViewController.xib; sourceTree = "<group>"; };
/* End PBXFileReference section */

/* Begin PBXFrameworksBuildPhase section */
		9A126D74164D1BC20037538A /* Frameworks */ = {
			isa = PBXFrameworksBuildPhase;
			buildActionMask = 2147483647;
			files = (
				84B2BB971653B1A700CC9F6F /* CoreLocation.framework in Frameworks */,
				84B2BB951653AD5000CC9F6F /* MapKit.framework in Frameworks */,
				84B2BB8D16539F3100CC9F6F /* libiconv.dylib in Frameworks */,
				9A126DD5164D1DF20037538A /* QuartzCore.framework in Frameworks */,
				84B2BB8B16539F1B00CC9F6F /* CoreVideo.framework in Frameworks */,
				84B2BB8916539F1400CC9F6F /* CoreMedia.framework in Frameworks */,
				84B2BB8716539F0D00CC9F6F /* AVFoundation.framework in Frameworks */,
				841BB3D51650EE27006B59C8 /* libRestKit.a in Frameworks */,
				9A126DD7164D1DFB0037538A /* libxml2.dylib in Frameworks */,
				9A126DD3164D1DEB0037538A /* SystemConfiguration.framework in Frameworks */,
				9A126DD1164D1DE50037538A /* Security.framework in Frameworks */,
				9A126DCF164D1DDD0037538A /* MobileCoreServices.framework in Frameworks */,
				9A126DCD164D1DD70037538A /* CoreData.framework in Frameworks */,
				9A126DCB164D1DCF0037538A /* CFNetwork.framework in Frameworks */,
				9A126D7C164D1BC20037538A /* UIKit.framework in Frameworks */,
				9A126D7E164D1BC20037538A /* Foundation.framework in Frameworks */,
				9A126D80164D1BC20037538A /* CoreGraphics.framework in Frameworks */,
				84B2BB8116539EDC00CC9F6F /* libzbar.a in Frameworks */,
			);
			runOnlyForDeploymentPostprocessing = 0;
		};
		9A126D94164D1BC20037538A /* Frameworks */ = {
			isa = PBXFrameworksBuildPhase;
			buildActionMask = 2147483647;
			files = (
				9A126D9A164D1BC20037538A /* SenTestingKit.framework in Frameworks */,
				9A126D9B164D1BC20037538A /* UIKit.framework in Frameworks */,
				9A126D9C164D1BC20037538A /* Foundation.framework in Frameworks */,
			);
			runOnlyForDeploymentPostprocessing = 0;
		};
/* End PBXFrameworksBuildPhase section */

/* Begin PBXGroup section */
		84A56D891652713600B64D66 /* Models */ = {
			isa = PBXGroup;
			children = (
				9A126DDD164D20340037538A /* MFClientLogin.h */,
				9A126DDE164D20340037538A /* MFClientLogin.m */,
				9A126DE0164D20950037538A /* MFClientInfo.h */,
				9A126DE1164D20950037538A /* MFClientInfo.m */,
				841BB3D71650F999006B59C8 /* MFLogin.h */,
				841BB3D81650F999006B59C8 /* MFLogin.m */,
				841BB3DA165117E9006B59C8 /* MFSession.h */,
				841BB3DB165117E9006B59C8 /* MFSession.m */,
				84B2BBA61653CD8200CC9F6F /* MFBlogEntry.h */,
				84B2BBA71653CD8200CC9F6F /* MFBlogEntry.m */,
				84B2BBA91653CFBE00CC9F6F /* MFUser.h */,
				84B2BBAA1653CFBE00CC9F6F /* MFUser.m */,
				84B2BBAC1653D25400CC9F6F /* MFPassword.h */,
				84B2BBAD1653D25400CC9F6F /* MFPassword.m */,
				84B2BBAF1653D31F00CC9F6F /* MFEmail.h */,
				84B2BBB01653D31F00CC9F6F /* MFEmail.m */,
				84B2BBB21653D3B100CC9F6F /* MFAddress.h */,
				84B2BBB31653D3B100CC9F6F /* MFAddress.m */,
				84B2BBB51653D44000CC9F6F /* MFPhone.h */,
				84B2BBB61653D44000CC9F6F /* MFPhone.m */,
				84B2BBC51653E12300CC9F6F /* MFImage.h */,
				84B2BBC61653E12300CC9F6F /* MFImage.m */,
				84B2BBC81653E56E00CC9F6F /* MFLocation.h */,
				84B2BBC91653E56E00CC9F6F /* MFLocation.m */,
				84B2BBCB1653E60B00CC9F6F /* MFFishEvent.h */,
				84B2BBCC1653E60B00CC9F6F /* MFFishEvent.m */,
				843F54CE165B71C60056EA1A /* MFSharedInstances.h */,
				843F54CF165B71C60056EA1A /* MFSharedInstances.m */,
			);
			name = Models;
			sourceTree = "<group>";
		};
		84A56D8A1652714F00B64D66 /* Views */ = {
			isa = PBXGroup;
			children = (
				84A6434B165293370082F3AF /* MFDashboardViewController.xib */,
				9A126DDA164D1E6F0037538A /* MFLoginViewController.xib */,
			);
			name = Views;
			sourceTree = "<group>";
		};
		84A56D8B1652718B00B64D66 /* Helpers */ = {
			isa = PBXGroup;
			children = (
				84A56D8C165271AA00B64D66 /* MFUtils.h */,
				84A56D8D165271AA00B64D66 /* MFUtils.m */,
			);
			name = Helpers;
			sourceTree = "<group>";
		};
		84A56D97165285CD00B64D66 /* Controllers */ = {
			isa = PBXGroup;
			children = (
				84A64349165293370082F3AF /* MFDashboardViewController.h */,
				84A6434A165293370082F3AF /* MFDashboardViewController.m */,
				9A126DD8164D1E6F0037538A /* MFLoginViewController.h */,
				9A126DD9164D1E6F0037538A /* MFLoginViewController.m */,
			);
			name = Controllers;
			sourceTree = "<group>";
		};
		84A6434E165296F00082F3AF /* FishRecognition */ = {
			isa = PBXGroup;
			children = (
				84B2BB5C16539CAF00CC9F6F /* MFFishRecognitionViewController.h */,
				84B2BB5D16539CAF00CC9F6F /* MFFishRecognitionViewController.m */,
				84B2BB5E16539CAF00CC9F6F /* MFFishRecognitionViewController.xib */,
			);
			name = FishRecognition;
			sourceTree = "<group>";
		};
		84AC26871650EB25008B1F02 /* Products */ = {
			isa = PBXGroup;
			children = (
				84AC26921650EB26008B1F02 /* libRestKit.a */,
				84AC26941650EB26008B1F02 /* RestKitTests.octest */,
				84AC26961650EB26008B1F02 /* RestKit.framework */,
				84AC26981650EB26008B1F02 /* RestKitFrameworkTests.octest */,
				84AC269A1650EB26008B1F02 /* RestKitResources.bundle */,
			);
			name = Products;
			sourceTree = "<group>";
		};
		84B2BB0616537F8100CC9F6F /* Images */ = {
			isa = PBXGroup;
			children = (
				843F54D1165BA6FF0056EA1A /* backgroundFish.png */,
				84B2BB6116539DD000CC9F6F /* fishFacts.png */,
				84B2BB5816539C1900CC9F6F /* blog.png */,
				84B2BB5916539C1900CC9F6F /* logOut.png */,
				84B2BB56165397C300CC9F6F /* settings.png */,
				84A6433616528DCA0082F3AF /* minFangstLogo.png */,
				84A6434F1652982B0082F3AF /* fishRecognition.png */,
				84B2BB0416537F7200CC9F6F /* mapImage.png */,
			);
			name = Images;
			sourceTree = "<group>";
		};
		84B2BB6316539EDC00CC9F6F /* ZBarSDK */ = {
			isa = PBXGroup;
			children = (
				84B2BB6416539EDC00CC9F6F /* Headers */,
				84B2BB7B16539EDC00CC9F6F /* libzbar.a */,
				84B2BB7C16539EDC00CC9F6F /* Resources */,
			);
			path = ZBarSDK;
			sourceTree = "<group>";
		};
		84B2BB6416539EDC00CC9F6F /* Headers */ = {
			isa = PBXGroup;
			children = (
				84B2BB6516539EDC00CC9F6F /* ZBarSDK */,
			);
			path = Headers;
			sourceTree = "<group>";
		};
		84B2BB6516539EDC00CC9F6F /* ZBarSDK */ = {
			isa = PBXGroup;
			children = (
				84B2BB6616539EDC00CC9F6F /* zbar */,
				84B2BB7016539EDC00CC9F6F /* zbar.h */,
				84B2BB7116539EDC00CC9F6F /* ZBarCameraSimulator.h */,
				84B2BB7216539EDC00CC9F6F /* ZBarCaptureReader.h */,
				84B2BB7316539EDC00CC9F6F /* ZBarHelpController.h */,
				84B2BB7416539EDC00CC9F6F /* ZBarImage.h */,
				84B2BB7516539EDC00CC9F6F /* ZBarImageScanner.h */,
				84B2BB7616539EDC00CC9F6F /* ZBarReaderController.h */,
				84B2BB7716539EDC00CC9F6F /* ZBarReaderView.h */,
				84B2BB7816539EDC00CC9F6F /* ZBarReaderViewController.h */,
				84B2BB7916539EDC00CC9F6F /* ZBarSDK.h */,
				84B2BB7A16539EDC00CC9F6F /* ZBarSymbol.h */,
			);
			path = ZBarSDK;
			sourceTree = "<group>";
		};
		84B2BB6616539EDC00CC9F6F /* zbar */ = {
			isa = PBXGroup;
			children = (
				84B2BB6716539EDC00CC9F6F /* Decoder.h */,
				84B2BB6816539EDC00CC9F6F /* Exception.h */,
				84B2BB6916539EDC00CC9F6F /* Image.h */,
				84B2BB6A16539EDC00CC9F6F /* ImageScanner.h */,
				84B2BB6B16539EDC00CC9F6F /* Processor.h */,
				84B2BB6C16539EDC00CC9F6F /* Scanner.h */,
				84B2BB6D16539EDC00CC9F6F /* Symbol.h */,
				84B2BB6E16539EDC00CC9F6F /* Video.h */,
				84B2BB6F16539EDC00CC9F6F /* Window.h */,
			);
			path = zbar;
			sourceTree = "<group>";
		};
		84B2BB7C16539EDC00CC9F6F /* Resources */ = {
			isa = PBXGroup;
			children = (
				84B2BB7D16539EDC00CC9F6F /* zbar-back.png */,
				84B2BB7E16539EDC00CC9F6F /* zbar-help.html */,
				84B2BB7F16539EDC00CC9F6F /* zbar-helpicons.png */,
				84B2BB8016539EDC00CC9F6F /* zbar-samples.png */,
			);
			path = Resources;
			sourceTree = "<group>";
		};
		84B2BB8E1653AB1200CC9F6F /* Map */ = {
			isa = PBXGroup;
			children = (
				84B2BB8F1653AB2700CC9F6F /* MFMapViewController.h */,
				84B2BB901653AB2700CC9F6F /* MFMapViewController.m */,
				84B2BB911653AB2700CC9F6F /* MFMapViewController.xib */,
				9AED2495165684B400350CF9 /* MFMapViewEditEventControllerViewController.h */,
				9AED2496165684B400350CF9 /* MFMapViewEditEventControllerViewController.m */,
				9AED2497165684B400350CF9 /* MFMapViewEditEventControllerViewController.xib */,
				843F54D3165BCB7F0056EA1A /* MFImageCell.h */,
				843F54D4165BCB7F0056EA1A /* MFImageCell.m */,
			);
			name = Map;
			sourceTree = "<group>";
		};
		84B2BB981653C0E200CC9F6F /* Blog */ = {
			isa = PBXGroup;
			children = (
				84B2BB991653C10B00CC9F6F /* MFBlogViewController.h */,
				84B2BB9A1653C10B00CC9F6F /* MFBlogViewController.m */,
				84B2BB9B1653C10B00CC9F6F /* MFBlogViewController.xib */,
			);
			name = Blog;
			sourceTree = "<group>";
		};
		9A126D6C164D1BC10037538A = {
			isa = PBXGroup;
			children = (
				84B2BB961653B1A600CC9F6F /* CoreLocation.framework */,
				84B2BB941653AD5000CC9F6F /* MapKit.framework */,
				84B2BB8C16539F3100CC9F6F /* libiconv.dylib */,
				84B2BB8A16539F1B00CC9F6F /* CoreVideo.framework */,
				84B2BB8816539F1400CC9F6F /* CoreMedia.framework */,
				84B2BB8616539F0D00CC9F6F /* AVFoundation.framework */,
				84B2BB6316539EDC00CC9F6F /* ZBarSDK */,
				84AC26861650EB25008B1F02 /* RestKit.xcodeproj */,
				9A126DD6164D1DFB0037538A /* libxml2.dylib */,
				9A126DD4164D1DF20037538A /* QuartzCore.framework */,
				9A126DD2164D1DEB0037538A /* SystemConfiguration.framework */,
				9A126DD0164D1DE50037538A /* Security.framework */,
				9A126DCE164D1DDD0037538A /* MobileCoreServices.framework */,
				9A126DCC164D1DD70037538A /* CoreData.framework */,
				9A126DCA164D1DCF0037538A /* CFNetwork.framework */,
				9A126D81164D1BC20037538A /* MinFangst */,
				9A126D9F164D1BC20037538A /* MinFangstTests */,
				9A126D7A164D1BC20037538A /* Frameworks */,
				9A126D78164D1BC20037538A /* Products */,
			);
			sourceTree = "<group>";
		};
		9A126D78164D1BC20037538A /* Products */ = {
			isa = PBXGroup;
			children = (
				9A126D77164D1BC20037538A /* MinFangst.app */,
				9A126D98164D1BC20037538A /* MinFangstTests.octest */,
			);
			name = Products;
			sourceTree = "<group>";
		};
		9A126D7A164D1BC20037538A /* Frameworks */ = {
			isa = PBXGroup;
			children = (
				9A126D7B164D1BC20037538A /* UIKit.framework */,
				9A126D7D164D1BC20037538A /* Foundation.framework */,
				9A126D7F164D1BC20037538A /* CoreGraphics.framework */,
				9A126D99164D1BC20037538A /* SenTestingKit.framework */,
			);
			name = Frameworks;
			sourceTree = "<group>";
		};
		9A126D81164D1BC20037538A /* MinFangst */ = {
			isa = PBXGroup;
			children = (
				84B2BB981653C0E200CC9F6F /* Blog */,
				84B2BB8E1653AB1200CC9F6F /* Map */,
				84A6434E165296F00082F3AF /* FishRecognition */,
				84A56D97165285CD00B64D66 /* Controllers */,
				84A56D8B1652718B00B64D66 /* Helpers */,
				84A56D8A1652714F00B64D66 /* Views */,
				84A56D891652713600B64D66 /* Models */,
				9A126D8A164D1BC20037538A /* MFAppDelegate.h */,
				9A126D8B164D1BC20037538A /* MFAppDelegate.m */,
				9A126D82164D1BC20037538A /* Supporting Files */,
			);
			path = MinFangst;
			sourceTree = "<group>";
		};
		9A126D82164D1BC20037538A /* Supporting Files */ = {
			isa = PBXGroup;
			children = (
				84B2BB0616537F8100CC9F6F /* Images */,
				9A126D83164D1BC20037538A /* MinFangst-Info.plist */,
				9A126D84164D1BC20037538A /* InfoPlist.strings */,
				9A126D87164D1BC20037538A /* main.m */,
				9A126D89164D1BC20037538A /* MinFangst-Prefix.pch */,
				9A126D8D164D1BC20037538A /* Default.png */,
				9A126D8F164D1BC20037538A /* Default@2x.png */,
				9A126D91164D1BC20037538A /* Default-568h@2x.png */,
			);
			name = "Supporting Files";
			sourceTree = "<group>";
		};
		9A126D9F164D1BC20037538A /* MinFangstTests */ = {
			isa = PBXGroup;
			children = (
				9A126DA5164D1BC20037538A /* MinFangstTests.h */,
				9A126DA6164D1BC20037538A /* MinFangstTests.m */,
				9A126DA0164D1BC20037538A /* Supporting Files */,
			);
			path = MinFangstTests;
			sourceTree = "<group>";
		};
		9A126DA0164D1BC20037538A /* Supporting Files */ = {
			isa = PBXGroup;
			children = (
				9A126DA1164D1BC20037538A /* MinFangstTests-Info.plist */,
				9A126DA2164D1BC20037538A /* InfoPlist.strings */,
			);
			name = "Supporting Files";
			sourceTree = "<group>";
		};
/* End PBXGroup section */

/* Begin PBXNativeTarget section */
		9A126D76164D1BC20037538A /* MinFangst */ = {
			isa = PBXNativeTarget;
			buildConfigurationList = 9A126DAA164D1BC20037538A /* Build configuration list for PBXNativeTarget "MinFangst" */;
			buildPhases = (
				9A126D73164D1BC20037538A /* Sources */,
				9A126D74164D1BC20037538A /* Frameworks */,
				9A126D75164D1BC20037538A /* Resources */,
			);
			buildRules = (
			);
			dependencies = (
				841BB3D41650EE11006B59C8 /* PBXTargetDependency */,
			);
			name = MinFangst;
			productName = MinFangst;
			productReference = 9A126D77164D1BC20037538A /* MinFangst.app */;
			productType = "com.apple.product-type.application";
		};
		9A126D97164D1BC20037538A /* MinFangstTests */ = {
			isa = PBXNativeTarget;
			buildConfigurationList = 9A126DAD164D1BC20037538A /* Build configuration list for PBXNativeTarget "MinFangstTests" */;
			buildPhases = (
				9A126D93164D1BC20037538A /* Sources */,
				9A126D94164D1BC20037538A /* Frameworks */,
				9A126D95164D1BC20037538A /* Resources */,
				9A126D96164D1BC20037538A /* ShellScript */,
			);
			buildRules = (
			);
			dependencies = (
				9A126D9E164D1BC20037538A /* PBXTargetDependency */,
			);
			name = MinFangstTests;
			productName = MinFangstTests;
			productReference = 9A126D98164D1BC20037538A /* MinFangstTests.octest */;
			productType = "com.apple.product-type.bundle";
		};
/* End PBXNativeTarget section */

/* Begin PBXProject section */
		9A126D6E164D1BC10037538A /* Project object */ = {
			isa = PBXProject;
			attributes = {
				CLASSPREFIX = MF;
				LastUpgradeCheck = 0450;
				ORGANIZATIONNAME = "Anders Asperheim";
			};
			buildConfigurationList = 9A126D71164D1BC10037538A /* Build configuration list for PBXProject "MinFangst" */;
			compatibilityVersion = "Xcode 3.2";
			developmentRegion = English;
			hasScannedForEncodings = 0;
			knownRegions = (
				en,
			);
			mainGroup = 9A126D6C164D1BC10037538A;
			productRefGroup = 9A126D78164D1BC20037538A /* Products */;
			projectDirPath = "";
			projectReferences = (
				{
					ProductGroup = 84AC26871650EB25008B1F02 /* Products */;
					ProjectRef = 84AC26861650EB25008B1F02 /* RestKit.xcodeproj */;
				},
			);
			projectRoot = "";
			targets = (
				9A126D76164D1BC20037538A /* MinFangst */,
				9A126D97164D1BC20037538A /* MinFangstTests */,
			);
		};
/* End PBXProject section */

/* Begin PBXReferenceProxy section */
		84AC26921650EB26008B1F02 /* libRestKit.a */ = {
			isa = PBXReferenceProxy;
			fileType = archive.ar;
			path = libRestKit.a;
			remoteRef = 84AC26911650EB26008B1F02 /* PBXContainerItemProxy */;
			sourceTree = BUILT_PRODUCTS_DIR;
		};
		84AC26941650EB26008B1F02 /* RestKitTests.octest */ = {
			isa = PBXReferenceProxy;
			fileType = wrapper.cfbundle;
			path = RestKitTests.octest;
			remoteRef = 84AC26931650EB26008B1F02 /* PBXContainerItemProxy */;
			sourceTree = BUILT_PRODUCTS_DIR;
		};
		84AC26961650EB26008B1F02 /* RestKit.framework */ = {
			isa = PBXReferenceProxy;
			fileType = wrapper.framework;
			path = RestKit.framework;
			remoteRef = 84AC26951650EB26008B1F02 /* PBXContainerItemProxy */;
			sourceTree = BUILT_PRODUCTS_DIR;
		};
		84AC26981650EB26008B1F02 /* RestKitFrameworkTests.octest */ = {
			isa = PBXReferenceProxy;
			fileType = wrapper.cfbundle;
			path = RestKitFrameworkTests.octest;
			remoteRef = 84AC26971650EB26008B1F02 /* PBXContainerItemProxy */;
			sourceTree = BUILT_PRODUCTS_DIR;
		};
		84AC269A1650EB26008B1F02 /* RestKitResources.bundle */ = {
			isa = PBXReferenceProxy;
			fileType = wrapper.cfbundle;
			path = RestKitResources.bundle;
			remoteRef = 84AC26991650EB26008B1F02 /* PBXContainerItemProxy */;
			sourceTree = BUILT_PRODUCTS_DIR;
		};
/* End PBXReferenceProxy section */

/* Begin PBXResourcesBuildPhase section */
		9A126D75164D1BC20037538A /* Resources */ = {
			isa = PBXResourcesBuildPhase;
			buildActionMask = 2147483647;
			files = (
				9A126D86164D1BC20037538A /* InfoPlist.strings in Resources */,
				9A126D8E164D1BC20037538A /* Default.png in Resources */,
				9A126D90164D1BC20037538A /* Default@2x.png in Resources */,
				9A126D92164D1BC20037538A /* Default-568h@2x.png in Resources */,
				9A126DDC164D1E6F0037538A /* MFLoginViewController.xib in Resources */,
				84A6433716528DCA0082F3AF /* minFangstLogo.png in Resources */,
				84A6434D165293370082F3AF /* MFDashboardViewController.xib in Resources */,
				84A643501652982B0082F3AF /* fishRecognition.png in Resources */,
				84B2BB0516537F7200CC9F6F /* mapImage.png in Resources */,
				84B2BB57165397C300CC9F6F /* settings.png in Resources */,
				84B2BB5A16539C1900CC9F6F /* blog.png in Resources */,
				84B2BB5B16539C1900CC9F6F /* logOut.png in Resources */,
				84B2BB6016539CAF00CC9F6F /* MFFishRecognitionViewController.xib in Resources */,
				84B2BB6216539DD000CC9F6F /* fishFacts.png in Resources */,
				84B2BB8216539EDC00CC9F6F /* zbar-back.png in Resources */,
				84B2BB8316539EDC00CC9F6F /* zbar-help.html in Resources */,
				84B2BB8416539EDC00CC9F6F /* zbar-helpicons.png in Resources */,
				84B2BB8516539EDC00CC9F6F /* zbar-samples.png in Resources */,
				84B2BB931653AB2700CC9F6F /* MFMapViewController.xib in Resources */,
				84B2BB9D1653C10B00CC9F6F /* MFBlogViewController.xib in Resources */,
				9AED2499165684B400350CF9 /* MFMapViewEditEventControllerViewController.xib in Resources */,
				843F54D2165BA6FF0056EA1A /* backgroundFish.png in Resources */,
			);
			runOnlyForDeploymentPostprocessing = 0;
		};
		9A126D95164D1BC20037538A /* Resources */ = {
			isa = PBXResourcesBuildPhase;
			buildActionMask = 2147483647;
			files = (
				9A126DA4164D1BC20037538A /* InfoPlist.strings in Resources */,
			);
			runOnlyForDeploymentPostprocessing = 0;
		};
/* End PBXResourcesBuildPhase section */

/* Begin PBXShellScriptBuildPhase section */
		9A126D96164D1BC20037538A /* ShellScript */ = {
			isa = PBXShellScriptBuildPhase;
			buildActionMask = 2147483647;
			files = (
			);
			inputPaths = (
			);
			outputPaths = (
			);
			runOnlyForDeploymentPostprocessing = 0;
			shellPath = /bin/sh;
			shellScript = "# Run the unit tests in this test bundle.\n\"${SYSTEM_DEVELOPER_DIR}/Tools/RunUnitTests\"\n";
		};
/* End PBXShellScriptBuildPhase section */

/* Begin PBXSourcesBuildPhase section */
		9A126D73164D1BC20037538A /* Sources */ = {
			isa = PBXSourcesBuildPhase;
			buildActionMask = 2147483647;
			files = (
				9A126D88164D1BC20037538A /* main.m in Sources */,
				9A126D8C164D1BC20037538A /* MFAppDelegate.m in Sources */,
				9A126DDB164D1E6F0037538A /* MFLoginViewController.m in Sources */,
				9A126DDF164D20340037538A /* MFClientLogin.m in Sources */,
				9A126DE2164D20950037538A /* MFClientInfo.m in Sources */,
				841BB3D91650F999006B59C8 /* MFLogin.m in Sources */,
				841BB3DC165117E9006B59C8 /* MFSession.m in Sources */,
				84A56D8E165271AA00B64D66 /* MFUtils.m in Sources */,
				84A6434C165293370082F3AF /* MFDashboardViewController.m in Sources */,
				84B2BB5F16539CAF00CC9F6F /* MFFishRecognitionViewController.m in Sources */,
				84B2BB921653AB2700CC9F6F /* MFMapViewController.m in Sources */,
				84B2BB9C1653C10B00CC9F6F /* MFBlogViewController.m in Sources */,
				84B2BBA81653CD8200CC9F6F /* MFBlogEntry.m in Sources */,
				84B2BBAB1653CFBE00CC9F6F /* MFUser.m in Sources */,
				84B2BBAE1653D25400CC9F6F /* MFPassword.m in Sources */,
				84B2BBB11653D31F00CC9F6F /* MFEmail.m in Sources */,
				84B2BBB41653D3B100CC9F6F /* MFAddress.m in Sources */,
				84B2BBB71653D44000CC9F6F /* MFPhone.m in Sources */,
				84B2BBC71653E12300CC9F6F /* MFImage.m in Sources */,
				84B2BBCA1653E56E00CC9F6F /* MFLocation.m in Sources */,
				84B2BBCD1653E60B00CC9F6F /* MFFishEvent.m in Sources */,
				9AED2498165684B400350CF9 /* MFMapViewEditEventControllerViewController.m in Sources */,
				843F54D0165B71C60056EA1A /* MFSharedInstances.m in Sources */,
				843F54D5165BCB7F0056EA1A /* MFImageCell.m in Sources */,
			);
			runOnlyForDeploymentPostprocessing = 0;
		};
		9A126D93164D1BC20037538A /* Sources */ = {
			isa = PBXSourcesBuildPhase;
			buildActionMask = 2147483647;
			files = (
				9A126DA7164D1BC20037538A /* MinFangstTests.m in Sources */,
			);
			runOnlyForDeploymentPostprocessing = 0;
		};
/* End PBXSourcesBuildPhase section */

/* Begin PBXTargetDependency section */
		841BB3D41650EE11006B59C8 /* PBXTargetDependency */ = {
			isa = PBXTargetDependency;
			name = RestKit;
			targetProxy = 841BB3D31650EE11006B59C8 /* PBXContainerItemProxy */;
		};
		9A126D9E164D1BC20037538A /* PBXTargetDependency */ = {
			isa = PBXTargetDependency;
			target = 9A126D76164D1BC20037538A /* MinFangst */;
			targetProxy = 9A126D9D164D1BC20037538A /* PBXContainerItemProxy */;
		};
/* End PBXTargetDependency section */

/* Begin PBXVariantGroup section */
		9A126D84164D1BC20037538A /* InfoPlist.strings */ = {
			isa = PBXVariantGroup;
			children = (
				9A126D85164D1BC20037538A /* en */,
			);
			name = InfoPlist.strings;
			sourceTree = "<group>";
		};
		9A126DA2164D1BC20037538A /* InfoPlist.strings */ = {
			isa = PBXVariantGroup;
			children = (
				9A126DA3164D1BC20037538A /* en */,
			);
			name = InfoPlist.strings;
			sourceTree = "<group>";
		};
/* End PBXVariantGroup section */

/* Begin XCBuildConfiguration section */
		9A126DA8164D1BC20037538A /* Debug */ = {
			isa = XCBuildConfiguration;
			buildSettings = {
				ALWAYS_SEARCH_USER_PATHS = NO;
				CLANG_CXX_LANGUAGE_STANDARD = "gnu++0x";
				CLANG_CXX_LIBRARY = "libc++";
				CLANG_ENABLE_OBJC_ARC = YES;
				CLANG_WARN_EMPTY_BODY = YES;
				CLANG_WARN__DUPLICATE_METHOD_MATCH = YES;
				"CODE_SIGN_IDENTITY[sdk=iphoneos*]" = "iPhone Developer";
				COPY_PHASE_STRIP = NO;
				GCC_C_LANGUAGE_STANDARD = gnu99;
				GCC_DYNAMIC_NO_PIC = NO;
				GCC_OPTIMIZATION_LEVEL = 0;
				GCC_PREPROCESSOR_DEFINITIONS = (
					"DEBUG=1",
					"$(inherited)",
				);
				GCC_SYMBOLS_PRIVATE_EXTERN = NO;
				GCC_WARN_ABOUT_RETURN_TYPE = YES;
				GCC_WARN_UNINITIALIZED_AUTOS = YES;
				GCC_WARN_UNUSED_VARIABLE = YES;
				IPHONEOS_DEPLOYMENT_TARGET = 6.0;
				ONLY_ACTIVE_ARCH = YES;
				SDKROOT = iphoneos;
			};
			name = Debug;
		};
		9A126DA9164D1BC20037538A /* Release */ = {
			isa = XCBuildConfiguration;
			buildSettings = {
				ALWAYS_SEARCH_USER_PATHS = NO;
				CLANG_CXX_LANGUAGE_STANDARD = "gnu++0x";
				CLANG_CXX_LIBRARY = "libc++";
				CLANG_ENABLE_OBJC_ARC = YES;
				CLANG_WARN_EMPTY_BODY = YES;
				CLANG_WARN__DUPLICATE_METHOD_MATCH = YES;
				"CODE_SIGN_IDENTITY[sdk=iphoneos*]" = "iPhone Developer";
				COPY_PHASE_STRIP = YES;
				GCC_C_LANGUAGE_STANDARD = gnu99;
				GCC_WARN_ABOUT_RETURN_TYPE = YES;
				GCC_WARN_UNINITIALIZED_AUTOS = YES;
				GCC_WARN_UNUSED_VARIABLE = YES;
				IPHONEOS_DEPLOYMENT_TARGET = 6.0;
				OTHER_CFLAGS = "-DNS_BLOCK_ASSERTIONS=1";
				SDKROOT = iphoneos;
				VALIDATE_PRODUCT = YES;
			};
			name = Release;
		};
		9A126DAB164D1BC20037538A /* Debug */ = {
			isa = XCBuildConfiguration;
			buildSettings = {
				GCC_PRECOMPILE_PREFIX_HEADER = YES;
				GCC_PREFIX_HEADER = "MinFangst/MinFangst-Prefix.pch";
				HEADER_SEARCH_PATHS = "\"$(BUILT_PRODUCTS_DIR)/../../Headers\"";
				INFOPLIST_FILE = "MinFangst/MinFangst-Info.plist";
				LIBRARY_SEARCH_PATHS = (
					"$(inherited)",
					"\"$(SRCROOT)/ZBarSDK\"",
				);
				OTHER_LDFLAGS = (
					"-ObjC",
					"-all_load",
				);
				PRODUCT_NAME = "$(TARGET_NAME)";
				WRAPPER_EXTENSION = app;
			};
			name = Debug;
		};
		9A126DAC164D1BC20037538A /* Release */ = {
			isa = XCBuildConfiguration;
			buildSettings = {
				GCC_PRECOMPILE_PREFIX_HEADER = YES;
				GCC_PREFIX_HEADER = "MinFangst/MinFangst-Prefix.pch";
				HEADER_SEARCH_PATHS = "\"$(BUILT_PRODUCTS_DIR)/../../Headers\"";
				INFOPLIST_FILE = "MinFangst/MinFangst-Info.plist";
				LIBRARY_SEARCH_PATHS = (
					"$(inherited)",
					"\"$(SRCROOT)/ZBarSDK\"",
				);
				OTHER_LDFLAGS = (
					"-ObjC",
					"-all_load",
				);
				PRODUCT_NAME = "$(TARGET_NAME)";
				WRAPPER_EXTENSION = app;
			};
			name = Release;
		};
		9A126DAE164D1BC20037538A /* Debug */ = {
			isa = XCBuildConfiguration;
			buildSettings = {
				BUNDLE_LOADER = "$(BUILT_PRODUCTS_DIR)/MinFangst.app/MinFangst";
				FRAMEWORK_SEARCH_PATHS = (
					"\"$(SDKROOT)/Developer/Library/Frameworks\"",
					"\"$(DEVELOPER_LIBRARY_DIR)/Frameworks\"",
				);
				GCC_PRECOMPILE_PREFIX_HEADER = YES;
				GCC_PREFIX_HEADER = "MinFangst/MinFangst-Prefix.pch";
				INFOPLIST_FILE = "MinFangstTests/MinFangstTests-Info.plist";
				PRODUCT_NAME = "$(TARGET_NAME)";
				TEST_HOST = "$(BUNDLE_LOADER)";
				WRAPPER_EXTENSION = octest;
			};
			name = Debug;
		};
		9A126DAF164D1BC20037538A /* Release */ = {
			isa = XCBuildConfiguration;
			buildSettings = {
				BUNDLE_LOADER = "$(BUILT_PRODUCTS_DIR)/MinFangst.app/MinFangst";
				FRAMEWORK_SEARCH_PATHS = (
					"\"$(SDKROOT)/Developer/Library/Frameworks\"",
					"\"$(DEVELOPER_LIBRARY_DIR)/Frameworks\"",
				);
				GCC_PRECOMPILE_PREFIX_HEADER = YES;
				GCC_PREFIX_HEADER = "MinFangst/MinFangst-Prefix.pch";
				INFOPLIST_FILE = "MinFangstTests/MinFangstTests-Info.plist";
				PRODUCT_NAME = "$(TARGET_NAME)";
				TEST_HOST = "$(BUNDLE_LOADER)";
				WRAPPER_EXTENSION = octest;
			};
			name = Release;
		};
/* End XCBuildConfiguration section */

/* Begin XCConfigurationList section */
		9A126D71164D1BC10037538A /* Build configuration list for PBXProject "MinFangst" */ = {
			isa = XCConfigurationList;
			buildConfigurations = (
				9A126DA8164D1BC20037538A /* Debug */,
				9A126DA9164D1BC20037538A /* Release */,
			);
			defaultConfigurationIsVisible = 0;
			defaultConfigurationName = Release;
		};
		9A126DAA164D1BC20037538A /* Build configuration list for PBXNativeTarget "MinFangst" */ = {
			isa = XCConfigurationList;
			buildConfigurations = (
				9A126DAB164D1BC20037538A /* Debug */,
				9A126DAC164D1BC20037538A /* Release */,
			);
			defaultConfigurationIsVisible = 0;
			defaultConfigurationName = Release;
		};
		9A126DAD164D1BC20037538A /* Build configuration list for PBXNativeTarget "MinFangstTests" */ = {
			isa = XCConfigurationList;
			buildConfigurations = (
				9A126DAE164D1BC20037538A /* Debug */,
				9A126DAF164D1BC20037538A /* Release */,
			);
			defaultConfigurationIsVisible = 0;
			defaultConfigurationName = Release;
		};
/* End XCConfigurationList section */
	};
	rootObject = 9A126D6E164D1BC10037538A /* Project object */;
}
